
Microsoft Visual Studio Solution File, Format Version 12.00
# Visual Studio 15
VisualStudioVersion = 15.0.27130.2010
MinimumVisualStudioVersion = 10.0.40219.1
Project("{FAE04EC0-301F-11D3-BF4B-00C04F79EFBC}") = "Pokedex", "Pokedex\Pokedex.csproj", "{BD10F2AC-C779-478E-9D42-FEA1431BE43D}"
EndProject
Global
	GlobalSection(SolutionConfigurationPlatforms) = preSolution
		Debug|Any CPU = Debug|Any CPU
		Release|Any CPU = Release|Any CPU
	EndGlobalSection
	GlobalSection(ProjectConfigurationPlatforms) = postSolution
		{BD10F2AC-C779-478E-9D42-FEA1431BE43D}.Debug|Any CPU.ActiveCfg = Debug|Any CPU
		{BD10F2AC-C779-478E-9D42-FEA1431BE43D}.Debug|Any CPU.Build.0 = Debug|Any CPU
		{BD10F2AC-C779-478E-9D42-FEA1431BE43D}.Release|Any CPU.ActiveCfg = Release|Any CPU
		{BD10F2AC-C779-478E-9D42-FEA1431BE43D}.Release|Any CPU.Build.0 = Release|Any CPU
	EndGlobalSection
	GlobalSection(SolutionProperties) = preSolution
		HideSolutionNode = FALSE
	EndGlobalSection
	GlobalSection(ExtensibilityGlobals) = postSolution
		SolutionGuid = {02AEC693-B43B-49DE-9542-80B6D30DFC07}
	EndGlobalSection
EndGlobal
